langcode: en
status: true
dependencies:
  module:
    - qrgenarator
    - node
    - system
  theme:
    - olivero
id: qrcodeblock
theme: olivero
region: sidebar
weight: 0
provider: null
plugin: qrcodeblock
settings:
  id: qrcodeblock
  label: 'QR Code block'
  label_display: visible
  provider: qrgenarator
visibility:
  request_path:
    id: request_path
    negate: false
    pages: '/node/*'
  'entity_bundle:node':
    id: 'entity_bundle:node'
    negate: false
    context_mapping:
      node: '@node.node_route_context:node'
    bundles:
      jugaad_patches_store: jugaad_patches_store
